
Microsoft Visual Studio Solution File, Format Version 12.00
# Visual Studio 2013
VisualStudioVersion = 12.0.21005.1
MinimumVisualStudioVersion = 10.0.40219.1
Project("{FAE04EC0-301F-11D3-BF4B-00C04F79EFBC}") = "POC", "POC.csproj", "{27FD4C0A-721C-4FB2-A885-0C2FF88D6F4B}"
EndProject
Project("{FAE04EC0-301F-11D3-BF4B-00C04F79EFBC}") = "POCTest", "..\POCTest\POCTest.csproj", "{5BE3E84F-697D-4690-BDEC-6D9FD59AC67D}"
EndProject
Global
	GlobalSection(SolutionConfigurationPlatforms) = preSolution
		Debug|Any CPU = Debug|Any CPU
		Release|Any CPU = Release|Any CPU
	EndGlobalSection
	GlobalSection(ProjectConfigurationPlatforms) = postSolution
		{27FD4C0A-721C-4FB2-A885-0C2FF88D6F4B}.Debug|Any CPU.ActiveCfg = Debug|Any CPU
		{27FD4C0A-721C-4FB2-A885-0C2FF88D6F4B}.Debug|Any CPU.Build.0 = Debug|Any CPU
		{27FD4C0A-721C-4FB2-A885-0C2FF88D6F4B}.Release|Any CPU.ActiveCfg = Release|Any CPU
		{27FD4C0A-721C-4FB2-A885-0C2FF88D6F4B}.Release|Any CPU.Build.0 = Release|Any CPU
		{5BE3E84F-697D-4690-BDEC-6D9FD59AC67D}.Debug|Any CPU.ActiveCfg = Debug|Any CPU
		{5BE3E84F-697D-4690-BDEC-6D9FD59AC67D}.Debug|Any CPU.Build.0 = Debug|Any CPU
		{5BE3E84F-697D-4690-BDEC-6D9FD59AC67D}.Release|Any CPU.ActiveCfg = Release|Any CPU
		{5BE3E84F-697D-4690-BDEC-6D9FD59AC67D}.Release|Any CPU.Build.0 = Release|Any CPU
	EndGlobalSection
	GlobalSection(SolutionProperties) = preSolution
		HideSolutionNode = FALSE
	EndGlobalSection
EndGlobal
